// !$*UTF8*$!
{
	archiveVersion = 1;
	classes = {
	};
	objectVersion = 46;
	objects = {

/* Begin PBXAggregateTarget section */
		A28FE9261BF3F26C00772039 /* Mogenerator */ = {
			isa = PBXAggregateTarget;
			buildConfigurationList = A28FE9271BF3F26C00772039 /* Build configuration list for PBXAggregateTarget "Mogenerator" */;
			buildPhases = (
				A28FE92A1BF3F28600772039 /* ShellScript */,
			);
			dependencies = (
			);
			name = Mogenerator;
			productName = Mogenerator;
		};
/* End PBXAggregateTarget section */

/* Begin PBXBuildFile section */
		87B35C9086FF66D71FED2DBC /* libPods-Ibotta.a in Frameworks */ = {isa = PBXBuildFile; fileRef = EF041ECB9AF3908E049F4C91 /* libPods-Ibotta.a */; };
		A2539F5E1BF40E13003A7327 /* QuartzCore.framework in Frameworks */ = {isa = PBXBuildFile; fileRef = A2539F5D1BF40E13003A7327 /* QuartzCore.framework */; };
		A2539F611BF4115C003A7327 /* UIColor+Ibotta.m in Sources */ = {isa = PBXBuildFile; fileRef = A2539F601BF4115C003A7327 /* UIColor+Ibotta.m */; };
		A28FE9241BF3E81700772039 /* IbottaAPI.m in Sources */ = {isa = PBXBuildFile; fileRef = A28FE9231BF3E81700772039 /* IbottaAPI.m */; };
		A28FE9321BF3F52500772039 /* _Retailer.m in Sources */ = {isa = PBXBuildFile; fileRef = A28FE92F1BF3F52500772039 /* _Retailer.m */; };
		A28FE9331BF3F52500772039 /* Retailer.m in Sources */ = {isa = PBXBuildFile; fileRef = A28FE9311BF3F52500772039 /* Retailer.m */; };
		A290C0621BF4617400AE1684 /* RetailerCell.m in Sources */ = {isa = PBXBuildFile; fileRef = A290C0611BF4617400AE1684 /* RetailerCell.m */; };
		A2A8DC7D1BF69CA700C0E4FE /* OfferCell.m in Sources */ = {isa = PBXBuildFile; fileRef = A2A8DC7C1BF69CA700C0E4FE /* OfferCell.m */; };
		A2A8DC801BF6AA0200C0E4FE /* OfferViewController.m in Sources */ = {isa = PBXBuildFile; fileRef = A2A8DC7F1BF6AA0200C0E4FE /* OfferViewController.m */; };
		A2DF8F1D1BF5C119001FFDFB /* _Offer.m in Sources */ = {isa = PBXBuildFile; fileRef = A2DF8F1A1BF5C119001FFDFB /* _Offer.m */; };
		A2DF8F1E1BF5C119001FFDFB /* Offer.m in Sources */ = {isa = PBXBuildFile; fileRef = A2DF8F1C1BF5C119001FFDFB /* Offer.m */; };
		A2DF8F211BF5CD19001FFDFB /* OffersViewController.m in Sources */ = {isa = PBXBuildFile; fileRef = A2DF8F201BF5CD19001FFDFB /* OffersViewController.m */; };
		A2F4C8951BF5E6CD00A5A12B /* NSSet+Additions.m in Sources */ = {isa = PBXBuildFile; fileRef = A2F4C8941BF5E6CD00A5A12B /* NSSet+Additions.m */; };
		A2F67EFC1BF139C500EBA73C /* main.m in Sources */ = {isa = PBXBuildFile; fileRef = A2F67EFB1BF139C500EBA73C /* main.m */; };
		A2F67EFF1BF139C500EBA73C /* AppDelegate.m in Sources */ = {isa = PBXBuildFile; fileRef = A2F67EFE1BF139C500EBA73C /* AppDelegate.m */; };
		A2F67F021BF139C500EBA73C /* RetailersViewController.m in Sources */ = {isa = PBXBuildFile; fileRef = A2F67F011BF139C500EBA73C /* RetailersViewController.m */; };
		A2F67F051BF139C500EBA73C /* Main.storyboard in Resources */ = {isa = PBXBuildFile; fileRef = A2F67F031BF139C500EBA73C /* Main.storyboard */; };
		A2F67F081BF139C500EBA73C /* Ibotta.xcdatamodeld in Sources */ = {isa = PBXBuildFile; fileRef = A2F67F061BF139C500EBA73C /* Ibotta.xcdatamodeld */; };
		A2F67F0A1BF139C500EBA73C /* Assets.xcassets in Resources */ = {isa = PBXBuildFile; fileRef = A2F67F091BF139C500EBA73C /* Assets.xcassets */; };
		A2F67F0D1BF139C500EBA73C /* LaunchScreen.storyboard in Resources */ = {isa = PBXBuildFile; fileRef = A2F67F0B1BF139C500EBA73C /* LaunchScreen.storyboard */; };
		A2F67F181BF139C500EBA73C /* IbottaTests.m in Sources */ = {isa = PBXBuildFile; fileRef = A2F67F171BF139C500EBA73C /* IbottaTests.m */; };
/* End PBXBuildFile section */

/* Begin PBXContainerItemProxy section */
		A2F67F141BF139C500EBA73C /* PBXContainerItemProxy */ = {
			isa = PBXContainerItemProxy;
			containerPortal = A2F67EEF1BF139C500EBA73C /* Project object */;
			proxyType = 1;
			remoteGlobalIDString = A2F67EF61BF139C500EBA73C;
			remoteInfo = Ibotta;
		};
/* End PBXContainerItemProxy section */

/* Begin PBXFileReference section */
		A0FB1D4194565DBF9CF139A5 /* Pods-Ibotta.release.xcconfig */ = {isa = PBXFileReference; includeInIndex = 1; lastKnownFileType = text.xcconfig; name = "Pods-Ibotta.release.xcconfig"; path = "Pods/Target Support Files/Pods-Ibotta/Pods-Ibotta.release.xcconfig"; sourceTree = "<group>"; };
		A2539F5D1BF40E13003A7327 /* QuartzCore.framework */ = {isa = PBXFileReference; lastKnownFileType = wrapper.framework; name = QuartzCore.framework; path = System/Library/Frameworks/QuartzCore.framework; sourceTree = SDKROOT; };
		A2539F5F1BF4115C003A7327 /* UIColor+Ibotta.h */ = {isa = PBXFileReference; fileEncoding = 4; lastKnownFileType = sourcecode.c.h; path = "UIColor+Ibotta.h"; sourceTree = "<group>"; };
		A2539F601BF4115C003A7327 /* UIColor+Ibotta.m */ = {isa = PBXFileReference; fileEncoding = 4; lastKnownFileType = sourcecode.c.objc; path = "UIColor+Ibotta.m"; sourceTree = "<group>"; };
		A28FE9221BF3E81700772039 /* IbottaAPI.h */ = {isa = PBXFileReference; fileEncoding = 4; lastKnownFileType = sourcecode.c.h; path = IbottaAPI.h; sourceTree = "<group>"; };
		A28FE9231BF3E81700772039 /* IbottaAPI.m */ = {isa = PBXFileReference; fileEncoding = 4; lastKnownFileType = sourcecode.c.objc; path = IbottaAPI.m; sourceTree = "<group>"; };
		A28FE92E1BF3F52500772039 /* _Retailer.h */ = {isa = PBXFileReference; fileEncoding = 4; lastKnownFileType = sourcecode.c.h; path = _Retailer.h; sourceTree = "<group>"; };
		A28FE92F1BF3F52500772039 /* _Retailer.m */ = {isa = PBXFileReference; fileEncoding = 4; lastKnownFileType = sourcecode.c.objc; path = _Retailer.m; sourceTree = "<group>"; };
		A28FE9301BF3F52500772039 /* Retailer.h */ = {isa = PBXFileReference; fileEncoding = 4; lastKnownFileType = sourcecode.c.h; path = Retailer.h; sourceTree = "<group>"; };
		A28FE9311BF3F52500772039 /* Retailer.m */ = {isa = PBXFileReference; fileEncoding = 4; lastKnownFileType = sourcecode.c.objc; path = Retailer.m; sourceTree = "<group>"; };
		A290C0601BF4617400AE1684 /* RetailerCell.h */ = {isa = PBXFileReference; fileEncoding = 4; lastKnownFileType = sourcecode.c.h; path = RetailerCell.h; sourceTree = "<group>"; };
		A290C0611BF4617400AE1684 /* RetailerCell.m */ = {isa = PBXFileReference; fileEncoding = 4; lastKnownFileType = sourcecode.c.objc; path = RetailerCell.m; sourceTree = "<group>"; };
		A2A8DC7B1BF69CA700C0E4FE /* OfferCell.h */ = {isa = PBXFileReference; fileEncoding = 4; lastKnownFileType = sourcecode.c.h; path = OfferCell.h; sourceTree = "<group>"; };
		A2A8DC7C1BF69CA700C0E4FE /* OfferCell.m */ = {isa = PBXFileReference; fileEncoding = 4; lastKnownFileType = sourcecode.c.objc; path = OfferCell.m; sourceTree = "<group>"; };
		A2A8DC7E1BF6AA0200C0E4FE /* OfferViewController.h */ = {isa = PBXFileReference; fileEncoding = 4; lastKnownFileType = sourcecode.c.h; path = OfferViewController.h; sourceTree = "<group>"; };
		A2A8DC7F1BF6AA0200C0E4FE /* OfferViewController.m */ = {isa = PBXFileReference; fileEncoding = 4; lastKnownFileType = sourcecode.c.objc; path = OfferViewController.m; sourceTree = "<group>"; };
		A2DF8F191BF5C119001FFDFB /* _Offer.h */ = {isa = PBXFileReference; fileEncoding = 4; lastKnownFileType = sourcecode.c.h; path = _Offer.h; sourceTree = "<group>"; };
		A2DF8F1A1BF5C119001FFDFB /* _Offer.m */ = {isa = PBXFileReference; fileEncoding = 4; lastKnownFileType = sourcecode.c.objc; path = _Offer.m; sourceTree = "<group>"; };
		A2DF8F1B1BF5C119001FFDFB /* Offer.h */ = {isa = PBXFileReference; fileEncoding = 4; lastKnownFileType = sourcecode.c.h; path = Offer.h; sourceTree = "<group>"; };
		A2DF8F1C1BF5C119001FFDFB /* Offer.m */ = {isa = PBXFileReference; fileEncoding = 4; lastKnownFileType = sourcecode.c.objc; path = Offer.m; sourceTree = "<group>"; };
		A2DF8F1F1BF5CD19001FFDFB /* OffersViewController.h */ = {isa = PBXFileReference; fileEncoding = 4; lastKnownFileType = sourcecode.c.h; path = OffersViewController.h; sourceTree = "<group>"; };
		A2DF8F201BF5CD19001FFDFB /* OffersViewController.m */ = {isa = PBXFileReference; fileEncoding = 4; lastKnownFileType = sourcecode.c.objc; path = OffersViewController.m; sourceTree = "<group>"; };
		A2F4C8931BF5E6CD00A5A12B /* NSSet+Additions.h */ = {isa = PBXFileReference; fileEncoding = 4; lastKnownFileType = sourcecode.c.h; path = "NSSet+Additions.h"; sourceTree = "<group>"; };
		A2F4C8941BF5E6CD00A5A12B /* NSSet+Additions.m */ = {isa = PBXFileReference; fileEncoding = 4; lastKnownFileType = sourcecode.c.objc; path = "NSSet+Additions.m"; sourceTree = "<group>"; };
		A2F67EF71BF139C500EBA73C /* Ibotta.app */ = {isa = PBXFileReference; explicitFileType = wrapper.application; includeInIndex = 0; path = Ibotta.app; sourceTree = BUILT_PRODUCTS_DIR; };
		A2F67EFB1BF139C500EBA73C /* main.m */ = {isa = PBXFileReference; lastKnownFileType = sourcecode.c.objc; path = main.m; sourceTree = "<group>"; };
		A2F67EFD1BF139C500EBA73C /* AppDelegate.h */ = {isa = PBXFileReference; lastKnownFileType = sourcecode.c.h; path = AppDelegate.h; sourceTree = "<group>"; };
		A2F67EFE1BF139C500EBA73C /* AppDelegate.m */ = {isa = PBXFileReference; lastKnownFileType = sourcecode.c.objc; path = AppDelegate.m; sourceTree = "<group>"; };
		A2F67F001BF139C500EBA73C /* RetailersViewController.h */ = {isa = PBXFileReference; lastKnownFileType = sourcecode.c.h; path = RetailersViewController.h; sourceTree = "<group>"; };
		A2F67F011BF139C500EBA73C /* RetailersViewController.m */ = {isa = PBXFileReference; lastKnownFileType = sourcecode.c.objc; path = RetailersViewController.m; sourceTree = "<group>"; };
		A2F67F041BF139C500EBA73C /* Base */ = {isa = PBXFileReference; lastKnownFileType = file.storyboard; name = Base; path = Base.lproj/Main.storyboard; sourceTree = "<group>"; };
		A2F67F071BF139C500EBA73C /* Ibotta.xcdatamodel */ = {isa = PBXFileReference; lastKnownFileType = wrapper.xcdatamodel; path = Ibotta.xcdatamodel; sourceTree = "<group>"; };
		A2F67F091BF139C500EBA73C /* Assets.xcassets */ = {isa = PBXFileReference; lastKnownFileType = folder.assetcatalog; path = Assets.xcassets; sourceTree = "<group>"; };
		A2F67F0C1BF139C500EBA73C /* Base */ = {isa = PBXFileReference; lastKnownFileType = file.storyboard; name = Base; path = Base.lproj/LaunchScreen.storyboard; sourceTree = "<group>"; };
		A2F67F0E1BF139C500EBA73C /* Info.plist */ = {isa = PBXFileReference; lastKnownFileType = text.plist.xml; path = Info.plist; sourceTree = "<group>"; };
		A2F67F131BF139C500EBA73C /* IbottaTests.xctest */ = {isa = PBXFileReference; explicitFileType = wrapper.cfbundle; includeInIndex = 0; path = IbottaTests.xctest; sourceTree = BUILT_PRODUCTS_DIR; };
		A2F67F171BF139C500EBA73C /* IbottaTests.m */ = {isa = PBXFileReference; lastKnownFileType = sourcecode.c.objc; path = IbottaTests.m; sourceTree = "<group>"; };
		A2F67F191BF139C500EBA73C /* Info.plist */ = {isa = PBXFileReference; lastKnownFileType = text.plist.xml; path = Info.plist; sourceTree = "<group>"; };
		EF041ECB9AF3908E049F4C91 /* libPods-Ibotta.a */ = {isa = PBXFileReference; explicitFileType = archive.ar; includeInIndex = 0; path = "libPods-Ibotta.a"; sourceTree = BUILT_PRODUCTS_DIR; };
		F7D53C334D843BE1FB46F82B /* Pods-Ibotta.debug.xcconfig */ = {isa = PBXFileReference; includeInIndex = 1; lastKnownFileType = text.xcconfig; name = "Pods-Ibotta.debug.xcconfig"; path = "Pods/Target Support Files/Pods-Ibotta/Pods-Ibotta.debug.xcconfig"; sourceTree = "<group>"; };
/* End PBXFileReference section */

/* Begin PBXFrameworksBuildPhase section */
		A2F67EF41BF139C500EBA73C /* Frameworks */ = {
			isa = PBXFrameworksBuildPhase;
			buildActionMask = 2147483647;
			files = (
				A2539F5E1BF40E13003A7327 /* QuartzCore.framework in Frameworks */,
				87B35C9086FF66D71FED2DBC /* libPods-Ibotta.a in Frameworks */,
			);
			runOnlyForDeploymentPostprocessing = 0;
		};
		A2F67F101BF139C500EBA73C /* Frameworks */ = {
			isa = PBXFrameworksBuildPhase;
			buildActionMask = 2147483647;
			files = (
			);
			runOnlyForDeploymentPostprocessing = 0;
		};
/* End PBXFrameworksBuildPhase section */

/* Begin PBXGroup section */
		86C0B6592F721C7A4C521BBD /* Frameworks */ = {
			isa = PBXGroup;
			children = (
				A2539F5D1BF40E13003A7327 /* QuartzCore.framework */,
				EF041ECB9AF3908E049F4C91 /* libPods-Ibotta.a */,
			);
			name = Frameworks;
			sourceTree = "<group>";
		};
		A2539F621BF426FF003A7327 /* Categories */ = {
			isa = PBXGroup;
			children = (
				A2539F5F1BF4115C003A7327 /* UIColor+Ibotta.h */,
				A2539F601BF4115C003A7327 /* UIColor+Ibotta.m */,
				A2F4C8931BF5E6CD00A5A12B /* NSSet+Additions.h */,
				A2F4C8941BF5E6CD00A5A12B /* NSSet+Additions.m */,
			);
			name = Categories;
			sourceTree = "<group>";
		};
		A28FE92D1BF3F52500772039 /* Models */ = {
			isa = PBXGroup;
			children = (
				A2DF8F191BF5C119001FFDFB /* _Offer.h */,
				A2DF8F1A1BF5C119001FFDFB /* _Offer.m */,
				A2DF8F1B1BF5C119001FFDFB /* Offer.h */,
				A2DF8F1C1BF5C119001FFDFB /* Offer.m */,
				A28FE92E1BF3F52500772039 /* _Retailer.h */,
				A28FE92F1BF3F52500772039 /* _Retailer.m */,
				A28FE9301BF3F52500772039 /* Retailer.h */,
				A28FE9311BF3F52500772039 /* Retailer.m */,
			);
			path = Models;
			sourceTree = "<group>";
		};
		A2DF8F231BF5CD31001FFDFB /* ViewControllers */ = {
			isa = PBXGroup;
			children = (
				A2F67F001BF139C500EBA73C /* RetailersViewController.h */,
				A2F67F011BF139C500EBA73C /* RetailersViewController.m */,
				A2DF8F1F1BF5CD19001FFDFB /* OffersViewController.h */,
				A2DF8F201BF5CD19001FFDFB /* OffersViewController.m */,
				A2A8DC7E1BF6AA0200C0E4FE /* OfferViewController.h */,
				A2A8DC7F1BF6AA0200C0E4FE /* OfferViewController.m */,
			);
			name = ViewControllers;
			sourceTree = "<group>";
		};
		A2DF8F241BF5CD46001FFDFB /* Views */ = {
			isa = PBXGroup;
			children = (
				A290C0601BF4617400AE1684 /* RetailerCell.h */,
				A290C0611BF4617400AE1684 /* RetailerCell.m */,
				A2A8DC7B1BF69CA700C0E4FE /* OfferCell.h */,
				A2A8DC7C1BF69CA700C0E4FE /* OfferCell.m */,
			);
			name = Views;
			sourceTree = "<group>";
		};
		A2F67EEE1BF139C500EBA73C = {
			isa = PBXGroup;
			children = (
				A2F67EF91BF139C500EBA73C /* Ibotta */,
				A2F67F161BF139C500EBA73C /* IbottaTests */,
				A2F67EF81BF139C500EBA73C /* Products */,
				D3662DF9A53D44A4DE5F09EC /* Pods */,
				86C0B6592F721C7A4C521BBD /* Frameworks */,
			);
			sourceTree = "<group>";
		};
		A2F67EF81BF139C500EBA73C /* Products */ = {
			isa = PBXGroup;
			children = (
				A2F67EF71BF139C500EBA73C /* Ibotta.app */,
				A2F67F131BF139C500EBA73C /* IbottaTests.xctest */,
			);
			name = Products;
			sourceTree = "<group>";
		};
		A2F67EF91BF139C500EBA73C /* Ibotta */ = {
			isa = PBXGroup;
			children = (
				A28FE92D1BF3F52500772039 /* Models */,
				A2F67EFD1BF139C500EBA73C /* AppDelegate.h */,
				A2F67EFE1BF139C500EBA73C /* AppDelegate.m */,
				A2DF8F231BF5CD31001FFDFB /* ViewControllers */,
				A2F67F031BF139C500EBA73C /* Main.storyboard */,
				A2F67F091BF139C500EBA73C /* Assets.xcassets */,
				A2F67F0B1BF139C500EBA73C /* LaunchScreen.storyboard */,
				A2F67F0E1BF139C500EBA73C /* Info.plist */,
				A2F67F061BF139C500EBA73C /* Ibotta.xcdatamodeld */,
				A2F67EFA1BF139C500EBA73C /* Supporting Files */,
				A28FE9221BF3E81700772039 /* IbottaAPI.h */,
				A28FE9231BF3E81700772039 /* IbottaAPI.m */,
				A2539F621BF426FF003A7327 /* Categories */,
				A2DF8F241BF5CD46001FFDFB /* Views */,
			);
			path = Ibotta;
			sourceTree = "<group>";
		};
		A2F67EFA1BF139C500EBA73C /* Supporting Files */ = {
			isa = PBXGroup;
			children = (
				A2F67EFB1BF139C500EBA73C /* main.m */,
			);
			name = "Supporting Files";
			sourceTree = "<group>";
		};
		A2F67F161BF139C500EBA73C /* IbottaTests */ = {
			isa = PBXGroup;
			children = (
				A2F67F171BF139C500EBA73C /* IbottaTests.m */,
				A2F67F191BF139C500EBA73C /* Info.plist */,
			);
			path = IbottaTests;
			sourceTree = "<group>";
		};
		D3662DF9A53D44A4DE5F09EC /* Pods */ = {
			isa = PBXGroup;
			children = (
				F7D53C334D843BE1FB46F82B /* Pods-Ibotta.debug.xcconfig */,
				A0FB1D4194565DBF9CF139A5 /* Pods-Ibotta.release.xcconfig */,
			);
			name = Pods;
			sourceTree = "<group>";
		};
/* End PBXGroup section */

/* Begin PBXNativeTarget section */
		A2F67EF61BF139C500EBA73C /* Ibotta */ = {
			isa = PBXNativeTarget;
			buildConfigurationList = A2F67F1C1BF139C500EBA73C /* Build configuration list for PBXNativeTarget "Ibotta" */;
			buildPhases = (
				81A16A485C2D81BF3A6566F6 /* Check Pods Manifest.lock */,
				A2F67EF31BF139C500EBA73C /* Sources */,
				A2F67EF41BF139C500EBA73C /* Frameworks */,
				A2F67EF51BF139C500EBA73C /* Resources */,
				E844306155BA390151D2D426 /* Embed Pods Frameworks */,
				F220C648BC8236DC547B023F /* Copy Pods Resources */,
			);
			buildRules = (
			);
			dependencies = (
			);
			name = Ibotta;
			productName = Ibotta;
			productReference = A2F67EF71BF139C500EBA73C /* Ibotta.app */;
			productType = "com.apple.product-type.application";
		};
		A2F67F121BF139C500EBA73C /* IbottaTests */ = {
			isa = PBXNativeTarget;
			buildConfigurationList = A2F67F1F1BF139C500EBA73C /* Build configuration list for PBXNativeTarget "IbottaTests" */;
			buildPhases = (
				A2F67F0F1BF139C500EBA73C /* Sources */,
				A2F67F101BF139C500EBA73C /* Frameworks */,
				A2F67F111BF139C500EBA73C /* Resources */,
			);
			buildRules = (
			);
			dependencies = (
				A2F67F151BF139C500EBA73C /* PBXTargetDependency */,
			);
			name = IbottaTests;
			productName = IbottaTests;
			productReference = A2F67F131BF139C500EBA73C /* IbottaTests.xctest */;
			productType = "com.apple.product-type.bundle.unit-test";
		};
/* End PBXNativeTarget section */

/* Begin PBXProject section */
		A2F67EEF1BF139C500EBA73C /* Project object */ = {
			isa = PBXProject;
			attributes = {
				LastUpgradeCheck = 0710;
				ORGANIZATIONNAME = "Salomon Valverde";
				TargetAttributes = {
					A28FE9261BF3F26C00772039 = {
						CreatedOnToolsVersion = 7.1;
						DevelopmentTeam = 8HD5B2HA3H;
					};
					A2F67EF61BF139C500EBA73C = {
						CreatedOnToolsVersion = 7.1;
						DevelopmentTeam = 8HD5B2HA3H;
					};
					A2F67F121BF139C500EBA73C = {
						CreatedOnToolsVersion = 7.1;
						DevelopmentTeam = 8HD5B2HA3H;
						TestTargetID = A2F67EF61BF139C500EBA73C;
					};
				};
			};
			buildConfigurationList = A2F67EF21BF139C500EBA73C /* Build configuration list for PBXProject "Ibotta" */;
			compatibilityVersion = "Xcode 3.2";
			developmentRegion = English;
			hasScannedForEncodings = 0;
			knownRegions = (
				en,
				Base,
			);
			mainGroup = A2F67EEE1BF139C500EBA73C;
			productRefGroup = A2F67EF81BF139C500EBA73C /* Products */;
			projectDirPath = "";
			projectRoot = "";
			targets = (
				A2F67EF61BF139C500EBA73C /* Ibotta */,
				A2F67F121BF139C500EBA73C /* IbottaTests */,
				A28FE9261BF3F26C00772039 /* Mogenerator */,
			);
		};
/* End PBXProject section */

/* Begin PBXResourcesBuildPhase section */
		A2F67EF51BF139C500EBA73C /* Resources */ = {
			isa = PBXResourcesBuildPhase;
			buildActionMask = 2147483647;
			files = (
				A2F67F0D1BF139C500EBA73C /* LaunchScreen.storyboard in Resources */,
				A2F67F0A1BF139C500EBA73C /* Assets.xcassets in Resources */,
				A2F67F051BF139C500EBA73C /* Main.storyboard in Resources */,
			);
			runOnlyForDeploymentPostprocessing = 0;
		};
		A2F67F111BF139C500EBA73C /* Resources */ = {
			isa = PBXResourcesBuildPhase;
			buildActionMask = 2147483647;
			files = (
			);
			runOnlyForDeploymentPostprocessing = 0;
		};
/* End PBXResourcesBuildPhase section */

/* Begin PBXShellScriptBuildPhase section */
		81A16A485C2D81BF3A6566F6 /* Check Pods Manifest.lock */ = {
			isa = PBXShellScriptBuildPhase;
			buildActionMask = 2147483647;
			files = (
			);
			inputPaths = (
			);
			name = "Check Pods Manifest.lock";
			outputPaths = (
			);
			runOnlyForDeploymentPostprocessing = 0;
			shellPath = /bin/sh;
			shellScript = "diff \"${PODS_ROOT}/../Podfile.lock\" \"${PODS_ROOT}/Manifest.lock\" > /dev/null\nif [[ $? != 0 ]] ; then\n    cat << EOM\nerror: The sandbox is not in sync with the Podfile.lock. Run 'pod install' or update your CocoaPods installation.\nEOM\n    exit 1\nfi\n";
			showEnvVarsInLog = 0;
		};
		A28FE92A1BF3F28600772039 /* ShellScript */ = {
			isa = PBXShellScriptBuildPhase;
			buildActionMask = 2147483647;
			files = (
			);
			inputPaths = (
			);
			outputPaths = (
			);
			runOnlyForDeploymentPostprocessing = 0;
			shellPath = /bin/sh;
			shellScript = "mogenerator --v2 -m Ibotta/Ibotta.xcdatamodeld -O Ibotta/Models --template-var arc=true";
		};
		E844306155BA390151D2D426 /* Embed Pods Frameworks */ = {
			isa = PBXShellScriptBuildPhase;
			buildActionMask = 2147483647;
			files = (
			);
			inputPaths = (
			);
			name = "Embed Pods Frameworks";
			outputPaths = (
			);
			runOnlyForDeploymentPostprocessing = 0;
			shellPath = /bin/sh;
			shellScript = "\"${SRCROOT}/Pods/Target Support Files/Pods-Ibotta/Pods-Ibotta-frameworks.sh\"\n";
			showEnvVarsInLog = 0;
		};
		F220C648BC8236DC547B023F /* Copy Pods Resources */ = {
			isa = PBXShellScriptBuildPhase;
			buildActionMask = 2147483647;
			files = (
			);
			inputPaths = (
			);
			name = "Copy Pods Resources";
			outputPaths = (
			);
			runOnlyForDeploymentPostprocessing = 0;
			shellPath = /bin/sh;
			shellScript = "\"${SRCROOT}/Pods/Target Support Files/Pods-Ibotta/Pods-Ibotta-resources.sh\"\n";
			showEnvVarsInLog = 0;
		};
/* End PBXShellScriptBuildPhase section */

/* Begin PBXSourcesBuildPhase section */
		A2F67EF31BF139C500EBA73C /* Sources */ = {
			isa = PBXSourcesBuildPhase;
			buildActionMask = 2147483647;
			files = (
				A2F4C8951BF5E6CD00A5A12B /* NSSet+Additions.m in Sources */,
				A2F67F021BF139C500EBA73C /* RetailersViewController.m in Sources */,
				A2DF8F211BF5CD19001FFDFB /* OffersViewController.m in Sources */,
				A2F67EFF1BF139C500EBA73C /* AppDelegate.m in Sources */,
				A290C0621BF4617400AE1684 /* RetailerCell.m in Sources */,
				A2F67F081BF139C500EBA73C /* Ibotta.xcdatamodeld in Sources */,
				A28FE9331BF3F52500772039 /* Retailer.m in Sources */,
				A2DF8F1E1BF5C119001FFDFB /* Offer.m in Sources */,
				A28FE9241BF3E81700772039 /* IbottaAPI.m in Sources */,
				A2F67EFC1BF139C500EBA73C /* main.m in Sources */,
				A2A8DC801BF6AA0200C0E4FE /* OfferViewController.m in Sources */,
				A2A8DC7D1BF69CA700C0E4FE /* OfferCell.m in Sources */,
				A2539F611BF4115C003A7327 /* UIColor+Ibotta.m in Sources */,
				A2DF8F1D1BF5C119001FFDFB /* _Offer.m in Sources */,
				A28FE9321BF3F52500772039 /* _Retailer.m in Sources */,
			);
			runOnlyForDeploymentPostprocessing = 0;
		};
		A2F67F0F1BF139C500EBA73C /* Sources */ = {
			isa = PBXSourcesBuildPhase;
			buildActionMask = 2147483647;
			files = (
				A2F67F181BF139C500EBA73C /* IbottaTests.m in Sources */,
			);
			runOnlyForDeploymentPostprocessing = 0;
		};
/* End PBXSourcesBuildPhase section */

/* Begin PBXTargetDependency section */
		A2F67F151BF139C500EBA73C /* PBXTargetDependency */ = {
			isa = PBXTargetDependency;
			target = A2F67EF61BF139C500EBA73C /* Ibotta */;
			targetProxy = A2F67F141BF139C500EBA73C /* PBXContainerItemProxy */;
		};
/* End PBXTargetDependency section */

/* Begin PBXVariantGroup section */
		A2F67F031BF139C500EBA73C /* Main.storyboard */ = {
			isa = PBXVariantGroup;
			children = (
				A2F67F041BF139C500EBA73C /* Base */,
			);
			name = Main.storyboard;
			sourceTree = "<group>";
		};
		A2F67F0B1BF139C500EBA73C /* LaunchScreen.storyboard */ = {
			isa = PBXVariantGroup;
			children = (
				A2F67F0C1BF139C500EBA73C /* Base */,
			);
			name = LaunchScreen.storyboard;
			sourceTree = "<group>";
		};
/* End PBXVariantGroup section */

/* Begin XCBuildConfiguration section */
		A28FE9281BF3F26C00772039 /* Debug */ = {
			isa = XCBuildConfiguration;
			buildSettings = {
				PRODUCT_NAME = "$(TARGET_NAME)";
			};
			name = Debug;
		};
		A28FE9291BF3F26C00772039 /* Release */ = {
			isa = XCBuildConfiguration;
			buildSettings = {
				PRODUCT_NAME = "$(TARGET_NAME)";
			};
			name = Release;
		};
		A2F67F1A1BF139C500EBA73C /* Debug */ = {
			isa = XCBuildConfiguration;
			buildSettings = {
				ALWAYS_SEARCH_USER_PATHS = NO;
				CLANG_CXX_LANGUAGE_STANDARD = "gnu++0x";
				CLANG_CXX_LIBRARY = "libc++";
				CLANG_ENABLE_MODULES = YES;
				CLANG_ENABLE_OBJC_ARC = YES;
				CLANG_WARN_BOOL_CONVERSION = YES;
				CLANG_WARN_CONSTANT_CONVERSION = YES;
				CLANG_WARN_DIRECT_OBJC_ISA_USAGE = YES_ERROR;
				CLANG_WARN_EMPTY_BODY = YES;
				CLANG_WARN_ENUM_CONVERSION = YES;
				CLANG_WARN_INT_CONVERSION = YES;
				CLANG_WARN_OBJC_ROOT_CLASS = YES_ERROR;
				CLANG_WARN_UNREACHABLE_CODE = YES;
				CLANG_WARN__DUPLICATE_METHOD_MATCH = YES;
				"CODE_SIGN_IDENTITY[sdk=iphoneos*]" = "iPhone Developer";
				COPY_PHASE_STRIP = NO;
				DEBUG_INFORMATION_FORMAT = dwarf;
				ENABLE_STRICT_OBJC_MSGSEND = YES;
				ENABLE_TESTABILITY = YES;
				GCC_C_LANGUAGE_STANDARD = gnu99;
				GCC_DYNAMIC_NO_PIC = NO;
				GCC_NO_COMMON_BLOCKS = YES;
				GCC_OPTIMIZATION_LEVEL = 0;
				GCC_PREPROCESSOR_DEFINITIONS = (
					"DEBUG=1",
					"$(inherited)",
				);
				GCC_WARN_64_TO_32_BIT_CONVERSION = YES;
				GCC_WARN_ABOUT_RETURN_TYPE = YES_ERROR;
				GCC_WARN_UNDECLARED_SELECTOR = YES;
				GCC_WARN_UNINITIALIZED_AUTOS = YES_AGGRESSIVE;
				GCC_WARN_UNUSED_FUNCTION = YES;
				GCC_WARN_UNUSED_VARIABLE = YES;
				IPHONEOS_DEPLOYMENT_TARGET = 9.1;
				MTL_ENABLE_DEBUG_INFO = YES;
				ONLY_ACTIVE_ARCH = YES;
				SDKROOT = iphoneos;
			};
			name = Debug;
		};
		A2F67F1B1BF139C500EBA73C /* Release */ = {
			isa = XCBuildConfiguration;
			buildSettings = {
				ALWAYS_SEARCH_USER_PATHS = NO;
				CLANG_CXX_LANGUAGE_STANDARD = "gnu++0x";
				CLANG_CXX_LIBRARY = "libc++";
				CLANG_ENABLE_MODULES = YES;
				CLANG_ENABLE_OBJC_ARC = YES;
				CLANG_WARN_BOOL_CONVERSION = YES;
				CLANG_WARN_CONSTANT_CONVERSION = YES;
				CLANG_WARN_DIRECT_OBJC_ISA_USAGE = YES_ERROR;
				CLANG_WARN_EMPTY_BODY = YES;
				CLANG_WARN_ENUM_CONVERSION = YES;
				CLANG_WARN_INT_CONVERSION = YES;
				CLANG_WARN_OBJC_ROOT_CLASS = YES_ERROR;
				CLANG_WARN_UNREACHABLE_CODE = YES;
				CLANG_WARN__DUPLICATE_METHOD_MATCH = YES;
				"CODE_SIGN_IDENTITY[sdk=iphoneos*]" = "iPhone Developer";
				COPY_PHASE_STRIP = NO;
				DEBUG_INFORMATION_FORMAT = "dwarf-with-dsym";
				ENABLE_NS_ASSERTIONS = NO;
				ENABLE_STRICT_OBJC_MSGSEND = YES;
				GCC_C_LANGUAGE_STANDARD = gnu99;
				GCC_NO_COMMON_BLOCKS = YES;
				GCC_WARN_64_TO_32_BIT_CONVERSION = YES;
				GCC_WARN_ABOUT_RETURN_TYPE = YES_ERROR;
				GCC_WARN_UNDECLARED_SELECTOR = YES;
				GCC_WARN_UNINITIALIZED_AUTOS = YES_AGGRESSIVE;
				GCC_WARN_UNUSED_FUNCTION = YES;
				GCC_WARN_UNUSED_VARIABLE = YES;
				IPHONEOS_DEPLOYMENT_TARGET = 9.1;
				MTL_ENABLE_DEBUG_INFO = NO;
				SDKROOT = iphoneos;
				VALIDATE_PRODUCT = YES;
			};
			name = Release;
		};
		A2F67F1D1BF139C500EBA73C /* Debug */ = {
			isa = XCBuildConfiguration;
			baseConfigurationReference = F7D53C334D843BE1FB46F82B /* Pods-Ibotta.debug.xcconfig */;
			buildSettings = {
				ASSETCATALOG_COMPILER_APPICON_NAME = AppIcon;
				INFOPLIST_FILE = Ibotta/Info.plist;
				LD_RUNPATH_SEARCH_PATHS = "$(inherited) @executable_path/Frameworks";
				PRODUCT_BUNDLE_IDENTIFIER = com.salomoko.Ibotta;
				PRODUCT_NAME = "$(TARGET_NAME)";
			};
			name = Debug;
		};
		A2F67F1E1BF139C500EBA73C /* Release */ = {
			isa = XCBuildConfiguration;
			baseConfigurationReference = A0FB1D4194565DBF9CF139A5 /* Pods-Ibotta.release.xcconfig */;
			buildSettings = {
				ASSETCATALOG_COMPILER_APPICON_NAME = AppIcon;
				INFOPLIST_FILE = Ibotta/Info.plist;
				LD_RUNPATH_SEARCH_PATHS = "$(inherited) @executable_path/Frameworks";
				PRODUCT_BUNDLE_IDENTIFIER = com.salomoko.Ibotta;
				PRODUCT_NAME = "$(TARGET_NAME)";
			};
			name = Release;
		};
		A2F67F201BF139C500EBA73C /* Debug */ = {
			isa = XCBuildConfiguration;
			buildSettings = {
				BUNDLE_LOADER = "$(TEST_HOST)";
				INFOPLIST_FILE = IbottaTests/Info.plist;
				LD_RUNPATH_SEARCH_PATHS = "$(inherited) @executable_path/Frameworks @loader_path/Frameworks";
				PRODUCT_BUNDLE_IDENTIFIER = com.salomoko.IbottaTests;
				PRODUCT_NAME = "$(TARGET_NAME)";
				TEST_HOST = "$(BUILT_PRODUCTS_DIR)/Ibotta.app/Ibotta";
			};
			name = Debug;
		};
		A2F67F211BF139C500EBA73C /* Release */ = {
			isa = XCBuildConfiguration;
			buildSettings = {
				BUNDLE_LOADER = "$(TEST_HOST)";
				INFOPLIST_FILE = IbottaTests/Info.plist;
				LD_RUNPATH_SEARCH_PATHS = "$(inherited) @executable_path/Frameworks @loader_path/Frameworks";
				PRODUCT_BUNDLE_IDENTIFIER = com.salomoko.IbottaTests;
				PRODUCT_NAME = "$(TARGET_NAME)";
				TEST_HOST = "$(BUILT_PRODUCTS_DIR)/Ibotta.app/Ibotta";
			};
			name = Release;
		};
/* End XCBuildConfiguration section */

/* Begin XCConfigurationList section */
		A28FE9271BF3F26C00772039 /* Build configuration list for PBXAggregateTarget "Mogenerator" */ = {
			isa = XCConfigurationList;
			buildConfigurations = (
				A28FE9281BF3F26C00772039 /* Debug */,
				A28FE9291BF3F26C00772039 /* Release */,
			);
			defaultConfigurationIsVisible = 0;
			defaultConfigurationName = Release;
		};
		A2F67EF21BF139C500EBA73C /* Build configuration list for PBXProject "Ibotta" */ = {
			isa = XCConfigurationList;
			buildConfigurations = (
				A2F67F1A1BF139C500EBA73C /* Debug */,
				A2F67F1B1BF139C500EBA73C /* Release */,
			);
			defaultConfigurationIsVisible = 0;
			defaultConfigurationName = Release;
		};
		A2F67F1C1BF139C500EBA73C /* Build configuration list for PBXNativeTarget "Ibotta" */ = {
			isa = XCConfigurationList;
			buildConfigurations = (
				A2F67F1D1BF139C500EBA73C /* Debug */,
				A2F67F1E1BF139C500EBA73C /* Release */,
			);
			defaultConfigurationIsVisible = 0;
			defaultConfigurationName = Release;
		};
		A2F67F1F1BF139C500EBA73C /* Build configuration list for PBXNativeTarget "IbottaTests" */ = {
			isa = XCConfigurationList;
			buildConfigurations = (
				A2F67F201BF139C500EBA73C /* Debug */,
				A2F67F211BF139C500EBA73C /* Release */,
			);
			defaultConfigurationIsVisible = 0;
			defaultConfigurationName = Release;
		};
/* End XCConfigurationList section */

/* Begin XCVersionGroup section */
		A2F67F061BF139C500EBA73C /* Ibotta.xcdatamodeld */ = {
			isa = XCVersionGroup;
			children = (
				A2F67F071BF139C500EBA73C /* Ibotta.xcdatamodel */,
			);
			currentVersion = A2F67F071BF139C500EBA73C /* Ibotta.xcdatamodel */;
			path = Ibotta.xcdatamodeld;
			sourceTree = "<group>";
			versionGroupType = wrapper.xcdatamodel;
		};
/* End XCVersionGroup section */
	};
	rootObject = A2F67EEF1BF139C500EBA73C /* Project object */;
}
